{
  "name": "maps",
  "version": "1.0.0",
  "lockfileVersion": 1,
  "requires": true,
  "dependencies": {
    "@types/faker": {
      "version": "4.1.6",
      "resolved": "https://registry.npmjs.org/@types/faker/-/faker-4.1.6.tgz",
      "integrity": "sha512-Tp4xHecf4UX8VOvSfsL1QlMbOfukGbbAhQbHvPIcX56NmNql4MAamV7E/K5zdYfxlk8FTcxwsaCZTxM79zJzPQ=="
    },
    "@types/googlemaps": {
      "version": "3.37.7",
      "resolved": "https://registry.npmjs.org/@types/googlemaps/-/googlemaps-3.37.7.tgz",
      "integrity": "sha512-a+mvO0PHHBmvojRAKEo81MYnG8JlZScDoguVHqMi/myfrJIF1KmcSNVyMi6Y5BG/skgLpFJM37nl+hwHNGb3ig=="
    },
    "faker": {
      "version": "4.1.0",
      "resolved": "https://registry.npmjs.org/faker/-/faker-4.1.0.tgz",
      "integrity": "sha1-HkW7vsxndLPBlfrSg1EJxtdIzD8="
    }
  }
}
